# THIS IS AN AUTOGENERATED FILE. DO NOT EDIT THIS FILE DIRECTLY.
# yarn lockfile v1


"@popperjs/core@^2.9.3":
  version "2.11.6"
  resolved "https://registry.yarnpkg.com/@popperjs/core/-/core-2.11.6.tgz#cee20bd55e68a1720bdab363ecf0c821ded4cd45"
  integrity sha512-50/17A98tWUfQ176raKiOGXuYpLyyVMkxxG6oylzL3BPOlA6ADGdK7EYunSa4I064xerltq9TGXs8HmOk5E+vw==

"@rails/actiontext@^7.0.4-2":
  version "7.0.4-2"
  resolved "https://registry.yarnpkg.com/@rails/actiontext/-/actiontext-7.0.4-2.tgz#53047a5734eb6e13f0c101b632954c4413858e5d"
  integrity sha512-+6KD8cbbgNukWoalPgM7sfEX2eQ4XM6EAS532nc0pgGbbHnyjNeMV/rLSpVGkZSOB0OoYhi2yNZon7zGlJ05DA==
  dependencies:
    "@rails/activestorage" ">= 7.0.0-alpha1"

"@rails/activestorage@>= 7.0.0-alpha1":
  version "7.0.4"
  resolved "https://registry.yarnpkg.com/@rails/activestorage/-/activestorage-7.0.4.tgz#56bc3052f60e8867b40a87ed5ff3c0afe536643e"
  integrity sha512-K2fV9C0z88fapu58nt9uHzMylsmJWUFuaIFvuZQEf1WTiPMsgTsj1bf8+cD81zXfTXYMZDQNRq4164JmuBKD3A==
  dependencies:
    spark-md5 "^3.0.1"

flowbite@^1.5.3:
  version "1.6.3"
  resolved "https://registry.yarnpkg.com/flowbite/-/flowbite-1.6.3.tgz#f98b52ec0a4cbe397e5a456c7dc281ac22090534"
  integrity sha512-wTtAzZBLrUYqUBoTSNcMAeJrZNAcdx04EDgXWnkQ7gkKoAPFvLaq/H/Zw0JKZLVKFpKxqJ7PlvocfDApSHjhvw==
  dependencies:
    "@popperjs/core" "^2.9.3"
    mini-svg-data-uri "^1.4.3"

mini-svg-data-uri@^1.4.3:
  version "1.4.4"
  resolved "https://registry.yarnpkg.com/mini-svg-data-uri/-/mini-svg-data-uri-1.4.4.tgz#8ab0aabcdf8c29ad5693ca595af19dd2ead09939"
  integrity sha512-r9deDe9p5FJUPZAk3A59wGH7Ii9YrjjWw0jmw/liSbHl2CHiyXj6FcDXDu2K3TjVAXqiJdaw3xxwlZZr9E6nHg==

spark-md5@^3.0.1:
  version "3.0.2"
  resolved "https://registry.yarnpkg.com/spark-md5/-/spark-md5-3.0.2.tgz#7952c4a30784347abcee73268e473b9c0167e3fc"
  integrity sha512-wcFzz9cDfbuqe0FZzfi2or1sgyIrsDwmPwfZC4hiNidPdPINjeUwNfv5kldczoEAcjl9Y1L3SM7Uz2PUEQzxQw==

trix@^2.0.4:
  version "2.0.4"
  resolved "https://registry.yarnpkg.com/trix/-/trix-2.0.4.tgz#37ec8092e5d561462cee1d96cc402aa5c5f8c04e"
  integrity sha512-WOMKqwCVti0i3RVaDrMnrEZWs6XMpFoCfUvFCZNd15KndAy6MsYQscizxEpFiCLUlo+rXMkueK0ldRDo5xpVJA==
